
Microsoft Visual Studio Solution File, Format Version 12.00
# Visual Studio 2012
Project("{FAE04EC0-301F-11D3-BF4B-00C04F79EFBC}") = "Ajax.WCF.RandomPresent", "Ajax.WCF.RandomPresent\Ajax.WCF.RandomPresent.csproj", "{DACDF52F-D01C-4235-A2D1-324742422E00}"
EndProject
Global
	GlobalSection(SolutionConfigurationPlatforms) = preSolution
		Debug|Any CPU = Debug|Any CPU
		Release|Any CPU = Release|Any CPU
	EndGlobalSection
	GlobalSection(ProjectConfigurationPlatforms) = postSolution
		{DACDF52F-D01C-4235-A2D1-324742422E00}.Debug|Any CPU.ActiveCfg = Debug|Any CPU
		{DACDF52F-D01C-4235-A2D1-324742422E00}.Debug|Any CPU.Build.0 = Debug|Any CPU
		{DACDF52F-D01C-4235-A2D1-324742422E00}.Release|Any CPU.ActiveCfg = Release|Any CPU
		{DACDF52F-D01C-4235-A2D1-324742422E00}.Release|Any CPU.Build.0 = Release|Any CPU
	EndGlobalSection
	GlobalSection(SolutionProperties) = preSolution
		HideSolutionNode = FALSE
	EndGlobalSection
EndGlobal
